{
  "pins" : [
    {
      "identity" : "swift-snapshot-testing",
      "kind" : "remoteSourceControl",
      "location" : "https://github.com/pedrolopessh/swift-snapshot-testing",
      "state" : {
        "branch" : "swift-syntax-test",
        "revision" : "681312e8ccac94b109816ffaa3f5c13f16a39fd3"
      }
    },
    {
      "identity" : "swift-syntax-xcframeworks",
      "kind" : "remoteSourceControl",
      "location" : "https://github.com/sjavora/swift-syntax-xcframeworks.git",
      "state" : {
        "revision" : "7501c18dfe20e637818d838df961072176d6296e",
        "version" : "510.0.1"
      }
    }
  ],
  "version" : 2
}
